
Microsoft Visual Studio Solution File, Format Version 12.00
# Visual Studio Version 17
VisualStudioVersion = 17.12.35707.178
MinimumVisualStudioVersion = 10.0.40219.1
Project("{FAE04EC0-301F-11D3-BF4B-00C04F79EFBC}") = "ProjetClient", "ProjetClient\ProjetClient.csproj", "{CFB70E79-D7A1-49F8-A3E3-49FF74D6D5F4}"
EndProject
Project("{FAE04EC0-301F-11D3-BF4B-00C04F79EFBC}") = "BiblioAPI", "BiblioAPI\BiblioAPI.csproj", "{BECA937B-1F40-4AA5-AD9B-5BE61194D73C}"
EndProject
Global
	GlobalSection(SolutionConfigurationPlatforms) = preSolution
		Debug|Any CPU = Debug|Any CPU
		Release|Any CPU = Release|Any CPU
	EndGlobalSection
	GlobalSection(ProjectConfigurationPlatforms) = postSolution
		{CFB70E79-D7A1-49F8-A3E3-49FF74D6D5F4}.Debug|Any CPU.ActiveCfg = Debug|Any CPU
		{CFB70E79-D7A1-49F8-A3E3-49FF74D6D5F4}.Debug|Any CPU.Build.0 = Debug|Any CPU
		{CFB70E79-D7A1-49F8-A3E3-49FF74D6D5F4}.Release|Any CPU.ActiveCfg = Release|Any CPU
		{CFB70E79-D7A1-49F8-A3E3-49FF74D6D5F4}.Release|Any CPU.Build.0 = Release|Any CPU
		{BECA937B-1F40-4AA5-AD9B-5BE61194D73C}.Debug|Any CPU.ActiveCfg = Debug|Any CPU
		{BECA937B-1F40-4AA5-AD9B-5BE61194D73C}.Debug|Any CPU.Build.0 = Debug|Any CPU
		{BECA937B-1F40-4AA5-AD9B-5BE61194D73C}.Release|Any CPU.ActiveCfg = Release|Any CPU
		{BECA937B-1F40-4AA5-AD9B-5BE61194D73C}.Release|Any CPU.Build.0 = Release|Any CPU
	EndGlobalSection
	GlobalSection(SolutionProperties) = preSolution
		HideSolutionNode = FALSE
	EndGlobalSection
EndGlobal
